Microsoft Visual Studio Solution File, Format Version 12.00
# Visual Studio Version 17
VisualStudioVersion = 17.0.31825.309
MinimumVisualStudioVersion = 15.0.26124.0
Project("{2150E333-8FDC-42A3-9474-1A3956D46DE8}") = "src", "src", "{BCBBDD1A-FF30-41E8-B7C1-9BB2A441FF83}"
EndProject
Project("{9A19103F-16F7-4668-BE54-9A1E7A4F7556}") = "EasyKeys.Shipping.FedEx.Console", "src\EasyKeys.Shipping.FedEx.Console\EasyKeys.Shipping.FedEx.Console.csproj", "{F9BC9215-28D1-4D19-861C-227195F02942}"
EndProject
Project("{9A19103F-16F7-4668-BE54-9A1E7A4F7556}") = "EasyKeys.Shipping.FedEx.Shipment", "src\EasyKeys.Shipping.FedEx.Shipment\EasyKeys.Shipping.FedEx.Shipment.csproj", "{9F0F2BDF-FA32-43BF-BC09-5C5C925D18DB}"
EndProject
Project("{9A19103F-16F7-4668-BE54-9A1E7A4F7556}") = "EasyKeys.Shipping.FedEx.Tracking", "src\EasyKeys.Shipping.FedEx.Tracking\EasyKeys.Shipping.FedEx.Tracking.csproj", "{032F1948-3C53-45F3-AE17-6A63A790A16B}"
EndProject
Project("{9A19103F-16F7-4668-BE54-9A1E7A4F7556}") = "EasyKeys.Shipping.FedEx.Abstractions", "src\EasyKeys.Shipping.FedEx.Abstractions\EasyKeys.Shipping.FedEx.Abstractions.csproj", "{B88ADD6F-93E9-43E0-B7FC-1559FA63A076}"
EndProject
Project("{2150E333-8FDC-42A3-9474-1A3956D46DE8}") = "build", "build", "{41883920-F6C1-4E14-BA28-613FA6B552E2}"
	ProjectSection(SolutionItems) = preProject
		build\dependencies.props = build\dependencies.props
		build\settings.props = build\settings.props
		build\sources.props = build\sources.props
	EndProjectSection
EndProject
Project("{2150E333-8FDC-42A3-9474-1A3956D46DE8}") = "Solution Items", "Solution Items", "{CF66AB8F-3D9D-4DF1-80E3-6CD6063EE173}"
	ProjectSection(SolutionItems) = preProject
		.dockerignore = .dockerignore
		.editorconfig = .editorconfig
		.gitignore = .gitignore
		appveyor.yml = appveyor.yml
		clean.sh = clean.sh
		Directory.Build.props = Directory.Build.props
		Directory.Build.targets = Directory.Build.targets
		LICENSE = LICENSE
		README.md = README.md
	EndProjectSection
EndProject
Project("{9A19103F-16F7-4668-BE54-9A1E7A4F7556}") = "EasyKeys.Shipping.FedEx.AddressValidation", "src\EasyKeys.Shipping.FedEx.AddressValidation\EasyKeys.Shipping.FedEx.AddressValidation.csproj", "{F6FD2AC4-D831-4A78-83F4-771859834544}"
EndProject
Project("{9A19103F-16F7-4668-BE54-9A1E7A4F7556}") = "EasyKeys.Shipping.FedEx.Rates", "src\EasyKeys.Shipping.FedEx.Rates\EasyKeys.Shipping.FedEx.Rates.csproj", "{69CD0FD5-7174-4B59-998D-F8F8E7900891}"
EndProject
Project("{2150E333-8FDC-42A3-9474-1A3956D46DE8}") = "FedEx", "FedEx", "{1018F8BE-B2F4-4A54-82F4-72D787E40A7D}"
EndProject
Project("{9A19103F-16F7-4668-BE54-9A1E7A4F7556}") = "EasyKeys.Shipping.PostalAddress", "src\EasyKeys.Shipping.PostalAddress\EasyKeys.Shipping.PostalAddress.csproj", "{3859E1D0-B676-467F-8FC6-376AA59C5EA3}"
EndProject
Project("{2150E333-8FDC-42A3-9474-1A3956D46DE8}") = "test", "test", "{3F55FE37-B8A2-4DDA-818B-5DBBAA18571E}"
EndProject
Project("{9A19103F-16F7-4668-BE54-9A1E7A4F7556}") = "EasyKeysShipping.UnitTest", "test\EasyKeys.Shipping.UnitTest\EasyKeysShipping.UnitTest.csproj", "{597D8E43-B2FE-46F2-A0F7-52CBA6B2EA78}"
EndProject
Project("{9A19103F-16F7-4668-BE54-9A1E7A4F7556}") = "EasyKeys.Shipping.Abstractions", "src\EasyKeys.Shipping.Abstractions\EasyKeys.Shipping.Abstractions.csproj", "{0FC5F003-404B-44CE-A2C9-6EF9A0421CB4}"
EndProject
Project("{2150E333-8FDC-42A3-9474-1A3956D46DE8}") = "Usps", "Usps", "{8820A422-5EB7-4291-9F01-00B9BBA4302E}"
EndProject
Project("{9A19103F-16F7-4668-BE54-9A1E7A4F7556}") = "EasyKeys.Shipping.Usps.Rates", "src\EasyKeys.Shipping.Usps.Rates\EasyKeys.Shipping.Usps.Rates.csproj", "{E1E3FBBD-DE40-4742-B22A-C6C078D6C660}"
EndProject
Project("{9A19103F-16F7-4668-BE54-9A1E7A4F7556}") = "EasyKeys.Shipping.Usps.Abstractions", "src\EasyKeys.Shipping.Usps.Abstractions\EasyKeys.Shipping.Usps.Abstractions.csproj", "{43B95498-1D1F-4884-AE14-9001D0A6FA4E}"
EndProject
Project("{9A19103F-16F7-4668-BE54-9A1E7A4F7556}") = "EasyKeys.Shipping.Usps.Tracking", "src\EasyKeys.Shipping.Usps.Tracking\EasyKeys.Shipping.Usps.Tracking.csproj", "{75549EDC-66EF-4BDB-BED6-AC26E6DF1630}"
EndProject
Project("{2150E333-8FDC-42A3-9474-1A3956D46DE8}") = "Stamps", "Stamps", "{C8221B09-84F2-4A06-A6CA-7E89238E5EB2}"
EndProject
Project("{9A19103F-16F7-4668-BE54-9A1E7A4F7556}") = "EasyKeys.Shipping.Stamps.Abstractions", "src\EasyKeys.Shipping.Stamps.Abstractions\EasyKeys.Shipping.Stamps.Abstractions.csproj", "{5686FBAB-91C3-4211-A460-E6C9903E0CE3}"
EndProject
Project("{9A19103F-16F7-4668-BE54-9A1E7A4F7556}") = "EasyKeys.Shipping.Stamps.Rates", "src\EasyKeys.Shipping.Stamps.Rates\EasyKeys.Shipping.Stamps.Rates.csproj", "{4144A7BF-97F9-42AE-843B-68ADDA54C661}"
EndProject
Project("{9A19103F-16F7-4668-BE54-9A1E7A4F7556}") = "EasyKeys.Shipping.Stamps.Console", "src\EasyKeys.Shipping.Stamps.Console\EasyKeys.Shipping.Stamps.Console.csproj", "{DAFA0110-5502-4778-8372-714A19143178}"
EndProject
Project("{9A19103F-16F7-4668-BE54-9A1E7A4F7556}") = "EasyKeys.Shipping.Stamps.Shipment", "src\EasyKeys.Shipping.Stamps.Shipment\EasyKeys.Shipping.Stamps.Shipment.csproj", "{DAFCFA00-C4CB-42FB-B47B-65A548C9FFAB}"
EndProject
Project("{9A19103F-16F7-4668-BE54-9A1E7A4F7556}") = "EasyKeys.Shipping.Stamps.AddressValidation", "src\EasyKeys.Shipping.Stamps.AddressValidation\EasyKeys.Shipping.Stamps.AddressValidation.csproj", "{0759B8E0-BE7C-4771-8E13-13C83BAD3E82}"
EndProject
Project("{9A19103F-16F7-4668-BE54-9A1E7A4F7556}") = "EasyKeys.Shipping.Stamps.Tracking", "src\EasyKeys.Shipping.Stamps.Tracking\EasyKeys.Shipping.Stamps.Tracking.csproj", "{69AD45D6-E45C-4E91-8D32-F4F1DA767660}"
EndProject
Project("{2150E333-8FDC-42A3-9474-1A3956D46DE8}") = "data", "data", "{2A75488A-57B5-4CB0-B931-6327BA96B445}"
	ProjectSection(SolutionItems) = preProject
		src\data\domestic-addresses.json = src\data\domestic-addresses.json
		src\data\intnl-addresses.json = src\data\intnl-addresses.json
		src\data\RateModelDto.cs = src\data\RateModelDto.cs
	EndProjectSection
EndProject
Project("{9A19103F-16F7-4668-BE54-9A1E7A4F7556}") = "Minimal.Apis", "src\Minimal.Apis\Minimal.Apis.csproj", "{9009798A-AE3E-47E9-8200-74CFEB7381B6}"
EndProject
Project("{9A19103F-16F7-4668-BE54-9A1E7A4F7556}") = "EasyKeys.Shipping.FuncTest", "test\EasyKeys.Shipping.FuncTest\EasyKeys.Shipping.FuncTest.csproj", "{48385BA3-B5AE-47E6-9C41-189EE6334D1E}"
EndProject
Project("{9A19103F-16F7-4668-BE54-9A1E7A4F7556}") = "EasyKeys.Shipping.FedEx.UploadDocument", "src\EasyKeys.Shipping.FedEx.UploadDocument\EasyKeys.Shipping.FedEx.UploadDocument.csproj", "{CCFE77D6-0A82-4EC9-AB2F-6FCD885FC489}"
EndProject
Project("{2150E333-8FDC-42A3-9474-1A3956D46DE8}") = "Amazon", "Amazon", "{02EA681E-C7D8-13C7-8484-4AC65E1B71E8}"
EndProject
Project("{FAE04EC0-301F-11D3-BF4B-00C04F79EFBC}") = "EasyKeys.Shipping.Amazon.Abstractions", "src\EasyKeys.Shipping.Amazon.Abstractions\EasyKeys.Shipping.Amazon.Abstractions.csproj", "{3B6980FA-333A-46AD-9F33-0D9BFBD853A8}"
EndProject
Project("{FAE04EC0-301F-11D3-BF4B-00C04F79EFBC}") = "EasyKeys.Shipping.Amazon.Rates", "src\EasyKeys.Shipping.Amazon.Rates\EasyKeys.Shipping.Amazon.Rates.csproj", "{3668E9A5-CB31-4FC9-9918-B5046B67651A}"
EndProject
Project("{FAE04EC0-301F-11D3-BF4B-00C04F79EFBC}") = "EasyKeys.Shipping.Amazon.Shipment", "src\EasyKeys.Shipping.Amazon.Shipment\EasyKeys.Shipping.Amazon.Shipment.csproj", "{8B109CC8-6252-4668-983F-B0877710827C}"
EndProject
Project("{2150E333-8FDC-42A3-9474-1A3956D46DE8}") = "DHL", "DHL", "{BC400693-827F-43C7-AD98-A9FC1E97ADD2}"
EndProject
Project("{FAE04EC0-301F-11D3-BF4B-00C04F79EFBC}") = "EasyKeys.Shipping.DHL.Abstractions", "src\EasyKeys.Shipping.DHL.Abstractions\EasyKeys.Shipping.DHL.Abstractions.csproj", "{C3DB5200-3A61-4DB7-9634-E0A0AE04F5C3}"
EndProject
Project("{FAE04EC0-301F-11D3-BF4B-00C04F79EFBC}") = "EasyKeys.Shipping.DHL.AddressValidation", "src\EasyKeys.Shipping.DHL.AddressValidation\EasyKeys.Shipping.DHL.AddressValidation.csproj", "{C7E38E01-C85D-4EB6-8968-BA0847F5FD1C}"
EndProject
Project("{FAE04EC0-301F-11D3-BF4B-00C04F79EFBC}") = "EasyKeys.Shipping.DHL.Rates", "src\EasyKeys.Shipping.DHL.Rates\EasyKeys.Shipping.DHL.Rates.csproj", "{F7B0AA74-1B52-4979-A5D3-6A2D477C6EEE}"
EndProject
Project("{FAE04EC0-301F-11D3-BF4B-00C04F79EFBC}") = "EasyKeys.Shipping.DHL.Shipment", "src\EasyKeys.Shipping.DHL.Shipment\EasyKeys.Shipping.DHL.Shipment.csproj", "{898E8B73-FBD3-447A-93D2-58D8E837678A}"
EndProject
Global
	GlobalSection(SolutionConfigurationPlatforms) = preSolution
		Debug|Any CPU = Debug|Any CPU
		Debug|x64 = Debug|x64
		Debug|x86 = Debug|x86
		Release|Any CPU = Release|Any CPU
		Release|x64 = Release|x64
		Release|x86 = Release|x86
	EndGlobalSection
	GlobalSection(ProjectConfigurationPlatforms) = postSolution
		{F9BC9215-28D1-4D19-861C-227195F02942}.Debug|Any CPU.ActiveCfg = Debug|Any CPU
		{F9BC9215-28D1-4D19-861C-227195F02942}.Debug|Any CPU.Build.0 = Debug|Any CPU
		{F9BC9215-28D1-4D19-861C-227195F02942}.Debug|x64.ActiveCfg = Debug|Any CPU
		{F9BC9215-28D1-4D19-861C-227195F02942}.Debug|x64.Build.0 = Debug|Any CPU
		{F9BC9215-28D1-4D19-861C-227195F02942}.Debug|x86.ActiveCfg = Debug|Any CPU
		{F9BC9215-28D1-4D19-861C-227195F02942}.Debug|x86.Build.0 = Debug|Any CPU
		{F9BC9215-28D1-4D19-861C-227195F02942}.Release|Any CPU.ActiveCfg = Release|Any CPU
		{F9BC9215-28D1-4D19-861C-227195F02942}.Release|Any CPU.Build.0 = Release|Any CPU
		{F9BC9215-28D1-4D19-861C-227195F02942}.Release|x64.ActiveCfg = Release|Any CPU
		{F9BC9215-28D1-4D19-861C-227195F02942}.Release|x64.Build.0 = Release|Any CPU
		{F9BC9215-28D1-4D19-861C-227195F02942}.Release|x86.ActiveCfg = Release|Any CPU
		{F9BC9215-28D1-4D19-861C-227195F02942}.Release|x86.Build.0 = Release|Any CPU
		{9F0F2BDF-FA32-43BF-BC09-5C5C925D18DB}.Debug|Any CPU.ActiveCfg = Debug|Any CPU
		{9F0F2BDF-FA32-43BF-BC09-5C5C925D18DB}.Debug|Any CPU.Build.0 = Debug|Any CPU
		{9F0F2BDF-FA32-43BF-BC09-5C5C925D18DB}.Debug|x64.ActiveCfg = Debug|Any CPU
		{9F0F2BDF-FA32-43BF-BC09-5C5C925D18DB}.Debug|x64.Build.0 = Debug|Any CPU
		{9F0F2BDF-FA32-43BF-BC09-5C5C925D18DB}.Debug|x86.ActiveCfg = Debug|Any CPU
		{9F0F2BDF-FA32-43BF-BC09-5C5C925D18DB}.Debug|x86.Build.0 = Debug|Any CPU
		{9F0F2BDF-FA32-43BF-BC09-5C5C925D18DB}.Release|Any CPU.ActiveCfg = Release|Any CPU
		{9F0F2BDF-FA32-43BF-BC09-5C5C925D18DB}.Release|Any CPU.Build.0 = Release|Any CPU
		{9F0F2BDF-FA32-43BF-BC09-5C5C925D18DB}.Release|x64.ActiveCfg = Release|Any CPU
		{9F0F2BDF-FA32-43BF-BC09-5C5C925D18DB}.Release|x64.Build.0 = Release|Any CPU
		{9F0F2BDF-FA32-43BF-BC09-5C5C925D18DB}.Release|x86.ActiveCfg = Release|Any CPU
		{9F0F2BDF-FA32-43BF-BC09-5C5C925D18DB}.Release|x86.Build.0 = Release|Any CPU
		{032F1948-3C53-45F3-AE17-6A63A790A16B}.Debug|Any CPU.ActiveCfg = Debug|Any CPU
		{032F1948-3C53-45F3-AE17-6A63A790A16B}.Debug|Any CPU.Build.0 = Debug|Any CPU
		{032F1948-3C53-45F3-AE17-6A63A790A16B}.Debug|x64.ActiveCfg = Debug|Any CPU
		{032F1948-3C53-45F3-AE17-6A63A790A16B}.Debug|x64.Build.0 = Debug|Any CPU
		{032F1948-3C53-45F3-AE17-6A63A790A16B}.Debug|x86.ActiveCfg = Debug|Any CPU
		{032F1948-3C53-45F3-AE17-6A63A790A16B}.Debug|x86.Build.0 = Debug|Any CPU
		{032F1948-3C53-45F3-AE17-6A63A790A16B}.Release|Any CPU.ActiveCfg = Release|Any CPU
		{032F1948-3C53-45F3-AE17-6A63A790A16B}.Release|Any CPU.Build.0 = Release|Any CPU
		{032F1948-3C53-45F3-AE17-6A63A790A16B}.Release|x64.ActiveCfg = Release|Any CPU
		{032F1948-3C53-45F3-AE17-6A63A790A16B}.Release|x64.Build.0 = Release|Any CPU
		{032F1948-3C53-45F3-AE17-6A63A790A16B}.Release|x86.ActiveCfg = Release|Any CPU
		{032F1948-3C53-45F3-AE17-6A63A790A16B}.Release|x86.Build.0 = Release|Any CPU
		{B88ADD6F-93E9-43E0-B7FC-1559FA63A076}.Debug|Any CPU.ActiveCfg = Debug|Any CPU
		{B88ADD6F-93E9-43E0-B7FC-1559FA63A076}.Debug|Any CPU.Build.0 = Debug|Any CPU
		{B88ADD6F-93E9-43E0-B7FC-1559FA63A076}.Debug|x64.ActiveCfg = Debug|Any CPU
		{B88ADD6F-93E9-43E0-B7FC-1559FA63A076}.Debug|x64.Build.0 = Debug|Any CPU
		{B88ADD6F-93E9-43E0-B7FC-1559FA63A076}.Debug|x86.ActiveCfg = Debug|Any CPU
		{B88ADD6F-93E9-43E0-B7FC-1559FA63A076}.Debug|x86.Build.0 = Debug|Any CPU
		{B88ADD6F-93E9-43E0-B7FC-1559FA63A076}.Release|Any CPU.ActiveCfg = Release|Any CPU
		{B88ADD6F-93E9-43E0-B7FC-1559FA63A076}.Release|Any CPU.Build.0 = Release|Any CPU
		{B88ADD6F-93E9-43E0-B7FC-1559FA63A076}.Release|x64.ActiveCfg = Release|Any CPU
		{B88ADD6F-93E9-43E0-B7FC-1559FA63A076}.Release|x64.Build.0 = Release|Any CPU
		{B88ADD6F-93E9-43E0-B7FC-1559FA63A076}.Release|x86.ActiveCfg = Release|Any CPU
		{B88ADD6F-93E9-43E0-B7FC-1559FA63A076}.Release|x86.Build.0 = Release|Any CPU
		{F6FD2AC4-D831-4A78-83F4-771859834544}.Debug|Any CPU.ActiveCfg = Debug|Any CPU
		{F6FD2AC4-D831-4A78-83F4-771859834544}.Debug|Any CPU.Build.0 = Debug|Any CPU
		{F6FD2AC4-D831-4A78-83F4-771859834544}.Debug|x64.ActiveCfg = Debug|Any CPU
		{F6FD2AC4-D831-4A78-83F4-771859834544}.Debug|x64.Build.0 = Debug|Any CPU
		{F6FD2AC4-D831-4A78-83F4-771859834544}.Debug|x86.ActiveCfg = Debug|Any CPU
		{F6FD2AC4-D831-4A78-83F4-771859834544}.Debug|x86.Build.0 = Debug|Any CPU
		{F6FD2AC4-D831-4A78-83F4-771859834544}.Release|Any CPU.ActiveCfg = Release|Any CPU
		{F6FD2AC4-D831-4A78-83F4-771859834544}.Release|Any CPU.Build.0 = Release|Any CPU
		{F6FD2AC4-D831-4A78-83F4-771859834544}.Release|x64.ActiveCfg = Release|Any CPU
		{F6FD2AC4-D831-4A78-83F4-771859834544}.Release|x64.Build.0 = Release|Any CPU
		{F6FD2AC4-D831-4A78-83F4-771859834544}.Release|x86.ActiveCfg = Release|Any CPU
		{F6FD2AC4-D831-4A78-83F4-771859834544}.Release|x86.Build.0 = Release|Any CPU
		{69CD0FD5-7174-4B59-998D-F8F8E7900891}.Debug|Any CPU.ActiveCfg = Debug|Any CPU
		{69CD0FD5-7174-4B59-998D-F8F8E7900891}.Debug|Any CPU.Build.0 = Debug|Any CPU
		{69CD0FD5-7174-4B59-998D-F8F8E7900891}.Debug|x64.ActiveCfg = Debug|Any CPU
		{69CD0FD5-7174-4B59-998D-F8F8E7900891}.Debug|x64.Build.0 = Debug|Any CPU
		{69CD0FD5-7174-4B59-998D-F8F8E7900891}.Debug|x86.ActiveCfg = Debug|Any CPU
		{69CD0FD5-7174-4B59-998D-F8F8E7900891}.Debug|x86.Build.0 = Debug|Any CPU
		{69CD0FD5-7174-4B59-998D-F8F8E7900891}.Release|Any CPU.ActiveCfg = Release|Any CPU
		{69CD0FD5-7174-4B59-998D-F8F8E7900891}.Release|Any CPU.Build.0 = Release|Any CPU
		{69CD0FD5-7174-4B59-998D-F8F8E7900891}.Release|x64.ActiveCfg = Release|Any CPU
		{69CD0FD5-7174-4B59-998D-F8F8E7900891}.Release|x64.Build.0 = Release|Any CPU
		{69CD0FD5-7174-4B59-998D-F8F8E7900891}.Release|x86.ActiveCfg = Release|Any CPU
		{69CD0FD5-7174-4B59-998D-F8F8E7900891}.Release|x86.Build.0 = Release|Any CPU
		{3859E1D0-B676-467F-8FC6-376AA59C5EA3}.Debug|Any CPU.ActiveCfg = Debug|Any CPU
		{3859E1D0-B676-467F-8FC6-376AA59C5EA3}.Debug|Any CPU.Build.0 = Debug|Any CPU
		{3859E1D0-B676-467F-8FC6-376AA59C5EA3}.Debug|x64.ActiveCfg = Debug|Any CPU
		{3859E1D0-B676-467F-8FC6-376AA59C5EA3}.Debug|x64.Build.0 = Debug|Any CPU
		{3859E1D0-B676-467F-8FC6-376AA59C5EA3}.Debug|x86.ActiveCfg = Debug|Any CPU
		{3859E1D0-B676-467F-8FC6-376AA59C5EA3}.Debug|x86.Build.0 = Debug|Any CPU
		{3859E1D0-B676-467F-8FC6-376AA59C5EA3}.Release|Any CPU.ActiveCfg = Release|Any CPU
		{3859E1D0-B676-467F-8FC6-376AA59C5EA3}.Release|Any CPU.Build.0 = Release|Any CPU
		{3859E1D0-B676-467F-8FC6-376AA59C5EA3}.Release|x64.ActiveCfg = Release|Any CPU
		{3859E1D0-B676-467F-8FC6-376AA59C5EA3}.Release|x64.Build.0 = Release|Any CPU
		{3859E1D0-B676-467F-8FC6-376AA59C5EA3}.Release|x86.ActiveCfg = Release|Any CPU
		{3859E1D0-B676-467F-8FC6-376AA59C5EA3}.Release|x86.Build.0 = Release|Any CPU
		{597D8E43-B2FE-46F2-A0F7-52CBA6B2EA78}.Debug|Any CPU.ActiveCfg = Debug|Any CPU
		{597D8E43-B2FE-46F2-A0F7-52CBA6B2EA78}.Debug|Any CPU.Build.0 = Debug|Any CPU
		{597D8E43-B2FE-46F2-A0F7-52CBA6B2EA78}.Debug|x64.ActiveCfg = Debug|Any CPU
		{597D8E43-B2FE-46F2-A0F7-52CBA6B2EA78}.Debug|x64.Build.0 = Debug|Any CPU
		{597D8E43-B2FE-46F2-A0F7-52CBA6B2EA78}.Debug|x86.ActiveCfg = Debug|Any CPU
		{597D8E43-B2FE-46F2-A0F7-52CBA6B2EA78}.Debug|x86.Build.0 = Debug|Any CPU
		{597D8E43-B2FE-46F2-A0F7-52CBA6B2EA78}.Release|Any CPU.ActiveCfg = Release|Any CPU
		{597D8E43-B2FE-46F2-A0F7-52CBA6B2EA78}.Release|Any CPU.Build.0 = Release|Any CPU
		{597D8E43-B2FE-46F2-A0F7-52CBA6B2EA78}.Release|x64.ActiveCfg = Release|Any CPU
		{597D8E43-B2FE-46F2-A0F7-52CBA6B2EA78}.Release|x64.Build.0 = Release|Any CPU
		{597D8E43-B2FE-46F2-A0F7-52CBA6B2EA78}.Release|x86.ActiveCfg = Release|Any CPU
		{597D8E43-B2FE-46F2-A0F7-52CBA6B2EA78}.Release|x86.Build.0 = Release|Any CPU
		{0FC5F003-404B-44CE-A2C9-6EF9A0421CB4}.Debug|Any CPU.ActiveCfg = Debug|Any CPU
		{0FC5F003-404B-44CE-A2C9-6EF9A0421CB4}.Debug|Any CPU.Build.0 = Debug|Any CPU
		{0FC5F003-404B-44CE-A2C9-6EF9A0421CB4}.Debug|x64.ActiveCfg = Debug|Any CPU
		{0FC5F003-404B-44CE-A2C9-6EF9A0421CB4}.Debug|x64.Build.0 = Debug|Any CPU
		{0FC5F003-404B-44CE-A2C9-6EF9A0421CB4}.Debug|x86.ActiveCfg = Debug|Any CPU
		{0FC5F003-404B-44CE-A2C9-6EF9A0421CB4}.Debug|x86.Build.0 = Debug|Any CPU
		{0FC5F003-404B-44CE-A2C9-6EF9A0421CB4}.Release|Any CPU.ActiveCfg = Release|Any CPU
		{0FC5F003-404B-44CE-A2C9-6EF9A0421CB4}.Release|Any CPU.Build.0 = Release|Any CPU
		{0FC5F003-404B-44CE-A2C9-6EF9A0421CB4}.Release|x64.ActiveCfg = Release|Any CPU
		{0FC5F003-404B-44CE-A2C9-6EF9A0421CB4}.Release|x64.Build.0 = Release|Any CPU
		{0FC5F003-404B-44CE-A2C9-6EF9A0421CB4}.Release|x86.ActiveCfg = Release|Any CPU
		{0FC5F003-404B-44CE-A2C9-6EF9A0421CB4}.Release|x86.Build.0 = Release|Any CPU
		{E1E3FBBD-DE40-4742-B22A-C6C078D6C660}.Debug|Any CPU.ActiveCfg = Debug|Any CPU
		{E1E3FBBD-DE40-4742-B22A-C6C078D6C660}.Debug|Any CPU.Build.0 = Debug|Any CPU
		{E1E3FBBD-DE40-4742-B22A-C6C078D6C660}.Debug|x64.ActiveCfg = Debug|Any CPU
		{E1E3FBBD-DE40-4742-B22A-C6C078D6C660}.Debug|x64.Build.0 = Debug|Any CPU
		{E1E3FBBD-DE40-4742-B22A-C6C078D6C660}.Debug|x86.ActiveCfg = Debug|Any CPU
		{E1E3FBBD-DE40-4742-B22A-C6C078D6C660}.Debug|x86.Build.0 = Debug|Any CPU
		{E1E3FBBD-DE40-4742-B22A-C6C078D6C660}.Release|Any CPU.ActiveCfg = Release|Any CPU
		{E1E3FBBD-DE40-4742-B22A-C6C078D6C660}.Release|Any CPU.Build.0 = Release|Any CPU
		{E1E3FBBD-DE40-4742-B22A-C6C078D6C660}.Release|x64.ActiveCfg = Release|Any CPU
		{E1E3FBBD-DE40-4742-B22A-C6C078D6C660}.Release|x64.Build.0 = Release|Any CPU
		{E1E3FBBD-DE40-4742-B22A-C6C078D6C660}.Release|x86.ActiveCfg = Release|Any CPU
		{E1E3FBBD-DE40-4742-B22A-C6C078D6C660}.Release|x86.Build.0 = Release|Any CPU
		{43B95498-1D1F-4884-AE14-9001D0A6FA4E}.Debug|Any CPU.ActiveCfg = Debug|Any CPU
		{43B95498-1D1F-4884-AE14-9001D0A6FA4E}.Debug|Any CPU.Build.0 = Debug|Any CPU
		{43B95498-1D1F-4884-AE14-9001D0A6FA4E}.Debug|x64.ActiveCfg = Debug|Any CPU
		{43B95498-1D1F-4884-AE14-9001D0A6FA4E}.Debug|x64.Build.0 = Debug|Any CPU
		{43B95498-1D1F-4884-AE14-9001D0A6FA4E}.Debug|x86.ActiveCfg = Debug|Any CPU
		{43B95498-1D1F-4884-AE14-9001D0A6FA4E}.Debug|x86.Build.0 = Debug|Any CPU
		{43B95498-1D1F-4884-AE14-9001D0A6FA4E}.Release|Any CPU.ActiveCfg = Release|Any CPU
		{43B95498-1D1F-4884-AE14-9001D0A6FA4E}.Release|Any CPU.Build.0 = Release|Any CPU
		{43B95498-1D1F-4884-AE14-9001D0A6FA4E}.Release|x64.ActiveCfg = Release|Any CPU
		{43B95498-1D1F-4884-AE14-9001D0A6FA4E}.Release|x64.Build.0 = Release|Any CPU
		{43B95498-1D1F-4884-AE14-9001D0A6FA4E}.Release|x86.ActiveCfg = Release|Any CPU
		{43B95498-1D1F-4884-AE14-9001D0A6FA4E}.Release|x86.Build.0 = Release|Any CPU
		{75549EDC-66EF-4BDB-BED6-AC26E6DF1630}.Debug|Any CPU.ActiveCfg = Debug|Any CPU
		{75549EDC-66EF-4BDB-BED6-AC26E6DF1630}.Debug|Any CPU.Build.0 = Debug|Any CPU
		{75549EDC-66EF-4BDB-BED6-AC26E6DF1630}.Debug|x64.ActiveCfg = Debug|Any CPU
		{75549EDC-66EF-4BDB-BED6-AC26E6DF1630}.Debug|x64.Build.0 = Debug|Any CPU
		{75549EDC-66EF-4BDB-BED6-AC26E6DF1630}.Debug|x86.ActiveCfg = Debug|Any CPU
		{75549EDC-66EF-4BDB-BED6-AC26E6DF1630}.Debug|x86.Build.0 = Debug|Any CPU
		{75549EDC-66EF-4BDB-BED6-AC26E6DF1630}.Release|Any CPU.ActiveCfg = Release|Any CPU
		{75549EDC-66EF-4BDB-BED6-AC26E6DF1630}.Release|Any CPU.Build.0 = Release|Any CPU
		{75549EDC-66EF-4BDB-BED6-AC26E6DF1630}.Release|x64.ActiveCfg = Release|Any CPU
		{75549EDC-66EF-4BDB-BED6-AC26E6DF1630}.Release|x64.Build.0 = Release|Any CPU
		{75549EDC-66EF-4BDB-BED6-AC26E6DF1630}.Release|x86.ActiveCfg = Release|Any CPU
		{75549EDC-66EF-4BDB-BED6-AC26E6DF1630}.Release|x86.Build.0 = Release|Any CPU
		{5686FBAB-91C3-4211-A460-E6C9903E0CE3}.Debug|Any CPU.ActiveCfg = Debug|Any CPU
		{5686FBAB-91C3-4211-A460-E6C9903E0CE3}.Debug|Any CPU.Build.0 = Debug|Any CPU
		{5686FBAB-91C3-4211-A460-E6C9903E0CE3}.Debug|x64.ActiveCfg = Debug|Any CPU
		{5686FBAB-91C3-4211-A460-E6C9903E0CE3}.Debug|x64.Build.0 = Debug|Any CPU
		{5686FBAB-91C3-4211-A460-E6C9903E0CE3}.Debug|x86.ActiveCfg = Debug|Any CPU
		{5686FBAB-91C3-4211-A460-E6C9903E0CE3}.Debug|x86.Build.0 = Debug|Any CPU
		{5686FBAB-91C3-4211-A460-E6C9903E0CE3}.Release|Any CPU.ActiveCfg = Release|Any CPU
		{5686FBAB-91C3-4211-A460-E6C9903E0CE3}.Release|Any CPU.Build.0 = Release|Any CPU
		{5686FBAB-91C3-4211-A460-E6C9903E0CE3}.Release|x64.ActiveCfg = Release|Any CPU
		{5686FBAB-91C3-4211-A460-E6C9903E0CE3}.Release|x64.Build.0 = Release|Any CPU
		{5686FBAB-91C3-4211-A460-E6C9903E0CE3}.Release|x86.ActiveCfg = Release|Any CPU
		{5686FBAB-91C3-4211-A460-E6C9903E0CE3}.Release|x86.Build.0 = Release|Any CPU
		{4144A7BF-97F9-42AE-843B-68ADDA54C661}.Debug|Any CPU.ActiveCfg = Debug|Any CPU
		{4144A7BF-97F9-42AE-843B-68ADDA54C661}.Debug|Any CPU.Build.0 = Debug|Any CPU
		{4144A7BF-97F9-42AE-843B-68ADDA54C661}.Debug|x64.ActiveCfg = Debug|Any CPU
		{4144A7BF-97F9-42AE-843B-68ADDA54C661}.Debug|x64.Build.0 = Debug|Any CPU
		{4144A7BF-97F9-42AE-843B-68ADDA54C661}.Debug|x86.ActiveCfg = Debug|Any CPU
		{4144A7BF-97F9-42AE-843B-68ADDA54C661}.Debug|x86.Build.0 = Debug|Any CPU
		{4144A7BF-97F9-42AE-843B-68ADDA54C661}.Release|Any CPU.ActiveCfg = Release|Any CPU
		{4144A7BF-97F9-42AE-843B-68ADDA54C661}.Release|Any CPU.Build.0 = Release|Any CPU
		{4144A7BF-97F9-42AE-843B-68ADDA54C661}.Release|x64.ActiveCfg = Release|Any CPU
		{4144A7BF-97F9-42AE-843B-68ADDA54C661}.Release|x64.Build.0 = Release|Any CPU
		{4144A7BF-97F9-42AE-843B-68ADDA54C661}.Release|x86.ActiveCfg = Release|Any CPU
		{4144A7BF-97F9-42AE-843B-68ADDA54C661}.Release|x86.Build.0 = Release|Any CPU
		{DAFA0110-5502-4778-8372-714A19143178}.Debug|Any CPU.ActiveCfg = Debug|Any CPU
		{DAFA0110-5502-4778-8372-714A19143178}.Debug|Any CPU.Build.0 = Debug|Any CPU
		{DAFA0110-5502-4778-8372-714A19143178}.Debug|x64.ActiveCfg = Debug|Any CPU
		{DAFA0110-5502-4778-8372-714A19143178}.Debug|x64.Build.0 = Debug|Any CPU
		{DAFA0110-5502-4778-8372-714A19143178}.Debug|x86.ActiveCfg = Debug|Any CPU
		{DAFA0110-5502-4778-8372-714A19143178}.Debug|x86.Build.0 = Debug|Any CPU
		{DAFA0110-5502-4778-8372-714A19143178}.Release|Any CPU.ActiveCfg = Release|Any CPU
		{DAFA0110-5502-4778-8372-714A19143178}.Release|Any CPU.Build.0 = Release|Any CPU
		{DAFA0110-5502-4778-8372-714A19143178}.Release|x64.ActiveCfg = Release|Any CPU
		{DAFA0110-5502-4778-8372-714A19143178}.Release|x64.Build.0 = Release|Any CPU
		{DAFA0110-5502-4778-8372-714A19143178}.Release|x86.ActiveCfg = Release|Any CPU
		{DAFA0110-5502-4778-8372-714A19143178}.Release|x86.Build.0 = Release|Any CPU
		{DAFCFA00-C4CB-42FB-B47B-65A548C9FFAB}.Debug|Any CPU.ActiveCfg = Debug|Any CPU
		{DAFCFA00-C4CB-42FB-B47B-65A548C9FFAB}.Debug|Any CPU.Build.0 = Debug|Any CPU
		{DAFCFA00-C4CB-42FB-B47B-65A548C9FFAB}.Debug|x64.ActiveCfg = Debug|Any CPU
		{DAFCFA00-C4CB-42FB-B47B-65A548C9FFAB}.Debug|x64.Build.0 = Debug|Any CPU
		{DAFCFA00-C4CB-42FB-B47B-65A548C9FFAB}.Debug|x86.ActiveCfg = Debug|Any CPU
		{DAFCFA00-C4CB-42FB-B47B-65A548C9FFAB}.Debug|x86.Build.0 = Debug|Any CPU
		{DAFCFA00-C4CB-42FB-B47B-65A548C9FFAB}.Release|Any CPU.ActiveCfg = Release|Any CPU
		{DAFCFA00-C4CB-42FB-B47B-65A548C9FFAB}.Release|Any CPU.Build.0 = Release|Any CPU
		{DAFCFA00-C4CB-42FB-B47B-65A548C9FFAB}.Release|x64.ActiveCfg = Release|Any CPU
		{DAFCFA00-C4CB-42FB-B47B-65A548C9FFAB}.Release|x64.Build.0 = Release|Any CPU
		{DAFCFA00-C4CB-42FB-B47B-65A548C9FFAB}.Release|x86.ActiveCfg = Release|Any CPU
		{DAFCFA00-C4CB-42FB-B47B-65A548C9FFAB}.Release|x86.Build.0 = Release|Any CPU
		{0759B8E0-BE7C-4771-8E13-13C83BAD3E82}.Debug|Any CPU.ActiveCfg = Debug|Any CPU
		{0759B8E0-BE7C-4771-8E13-13C83BAD3E82}.Debug|Any CPU.Build.0 = Debug|Any CPU
		{0759B8E0-BE7C-4771-8E13-13C83BAD3E82}.Debug|x64.ActiveCfg = Debug|Any CPU
		{0759B8E0-BE7C-4771-8E13-13C83BAD3E82}.Debug|x64.Build.0 = Debug|Any CPU
		{0759B8E0-BE7C-4771-8E13-13C83BAD3E82}.Debug|x86.ActiveCfg = Debug|Any CPU
		{0759B8E0-BE7C-4771-8E13-13C83BAD3E82}.Debug|x86.Build.0 = Debug|Any CPU
		{0759B8E0-BE7C-4771-8E13-13C83BAD3E82}.Release|Any CPU.ActiveCfg = Release|Any CPU
		{0759B8E0-BE7C-4771-8E13-13C83BAD3E82}.Release|Any CPU.Build.0 = Release|Any CPU
		{0759B8E0-BE7C-4771-8E13-13C83BAD3E82}.Release|x64.ActiveCfg = Release|Any CPU
		{0759B8E0-BE7C-4771-8E13-13C83BAD3E82}.Release|x64.Build.0 = Release|Any CPU
		{0759B8E0-BE7C-4771-8E13-13C83BAD3E82}.Release|x86.ActiveCfg = Release|Any CPU
		{0759B8E0-BE7C-4771-8E13-13C83BAD3E82}.Release|x86.Build.0 = Release|Any CPU
		{69AD45D6-E45C-4E91-8D32-F4F1DA767660}.Debug|Any CPU.ActiveCfg = Debug|Any CPU
		{69AD45D6-E45C-4E91-8D32-F4F1DA767660}.Debug|Any CPU.Build.0 = Debug|Any CPU
		{69AD45D6-E45C-4E91-8D32-F4F1DA767660}.Debug|x64.ActiveCfg = Debug|Any CPU
		{69AD45D6-E45C-4E91-8D32-F4F1DA767660}.Debug|x64.Build.0 = Debug|Any CPU
		{69AD45D6-E45C-4E91-8D32-F4F1DA767660}.Debug|x86.ActiveCfg = Debug|Any CPU
		{69AD45D6-E45C-4E91-8D32-F4F1DA767660}.Debug|x86.Build.0 = Debug|Any CPU
		{69AD45D6-E45C-4E91-8D32-F4F1DA767660}.Release|Any CPU.ActiveCfg = Release|Any CPU
		{69AD45D6-E45C-4E91-8D32-F4F1DA767660}.Release|Any CPU.Build.0 = Release|Any CPU
		{69AD45D6-E45C-4E91-8D32-F4F1DA767660}.Release|x64.ActiveCfg = Release|Any CPU
		{69AD45D6-E45C-4E91-8D32-F4F1DA767660}.Release|x64.Build.0 = Release|Any CPU
		{69AD45D6-E45C-4E91-8D32-F4F1DA767660}.Release|x86.ActiveCfg = Release|Any CPU
		{69AD45D6-E45C-4E91-8D32-F4F1DA767660}.Release|x86.Build.0 = Release|Any CPU
		{9009798A-AE3E-47E9-8200-74CFEB7381B6}.Debug|Any CPU.ActiveCfg = Debug|Any CPU
		{9009798A-AE3E-47E9-8200-74CFEB7381B6}.Debug|Any CPU.Build.0 = Debug|Any CPU
		{9009798A-AE3E-47E9-8200-74CFEB7381B6}.Debug|x64.ActiveCfg = Debug|Any CPU
		{9009798A-AE3E-47E9-8200-74CFEB7381B6}.Debug|x64.Build.0 = Debug|Any CPU
		{9009798A-AE3E-47E9-8200-74CFEB7381B6}.Debug|x86.ActiveCfg = Debug|Any CPU
		{9009798A-AE3E-47E9-8200-74CFEB7381B6}.Debug|x86.Build.0 = Debug|Any CPU
		{9009798A-AE3E-47E9-8200-74CFEB7381B6}.Release|Any CPU.ActiveCfg = Release|Any CPU
		{9009798A-AE3E-47E9-8200-74CFEB7381B6}.Release|Any CPU.Build.0 = Release|Any CPU
		{9009798A-AE3E-47E9-8200-74CFEB7381B6}.Release|x64.ActiveCfg = Release|Any CPU
		{9009798A-AE3E-47E9-8200-74CFEB7381B6}.Release|x64.Build.0 = Release|Any CPU
		{9009798A-AE3E-47E9-8200-74CFEB7381B6}.Release|x86.ActiveCfg = Release|Any CPU
		{9009798A-AE3E-47E9-8200-74CFEB7381B6}.Release|x86.Build.0 = Release|Any CPU
		{48385BA3-B5AE-47E6-9C41-189EE6334D1E}.Debug|Any CPU.ActiveCfg = Debug|Any CPU
		{48385BA3-B5AE-47E6-9C41-189EE6334D1E}.Debug|Any CPU.Build.0 = Debug|Any CPU
		{48385BA3-B5AE-47E6-9C41-189EE6334D1E}.Debug|x64.ActiveCfg = Debug|Any CPU
		{48385BA3-B5AE-47E6-9C41-189EE6334D1E}.Debug|x64.Build.0 = Debug|Any CPU
		{48385BA3-B5AE-47E6-9C41-189EE6334D1E}.Debug|x86.ActiveCfg = Debug|Any CPU
		{48385BA3-B5AE-47E6-9C41-189EE6334D1E}.Debug|x86.Build.0 = Debug|Any CPU
		{48385BA3-B5AE-47E6-9C41-189EE6334D1E}.Release|Any CPU.ActiveCfg = Release|Any CPU
		{48385BA3-B5AE-47E6-9C41-189EE6334D1E}.Release|Any CPU.Build.0 = Release|Any CPU
		{48385BA3-B5AE-47E6-9C41-189EE6334D1E}.Release|x64.ActiveCfg = Release|Any CPU
		{48385BA3-B5AE-47E6-9C41-189EE6334D1E}.Release|x64.Build.0 = Release|Any CPU
		{48385BA3-B5AE-47E6-9C41-189EE6334D1E}.Release|x86.ActiveCfg = Release|Any CPU
		{48385BA3-B5AE-47E6-9C41-189EE6334D1E}.Release|x86.Build.0 = Release|Any CPU
		{CCFE77D6-0A82-4EC9-AB2F-6FCD885FC489}.Debug|Any CPU.ActiveCfg = Debug|Any CPU
		{CCFE77D6-0A82-4EC9-AB2F-6FCD885FC489}.Debug|Any CPU.Build.0 = Debug|Any CPU
		{CCFE77D6-0A82-4EC9-AB2F-6FCD885FC489}.Debug|x64.ActiveCfg = Debug|Any CPU
		{CCFE77D6-0A82-4EC9-AB2F-6FCD885FC489}.Debug|x64.Build.0 = Debug|Any CPU
		{CCFE77D6-0A82-4EC9-AB2F-6FCD885FC489}.Debug|x86.ActiveCfg = Debug|Any CPU
		{CCFE77D6-0A82-4EC9-AB2F-6FCD885FC489}.Debug|x86.Build.0 = Debug|Any CPU
		{CCFE77D6-0A82-4EC9-AB2F-6FCD885FC489}.Release|Any CPU.ActiveCfg = Release|Any CPU
		{CCFE77D6-0A82-4EC9-AB2F-6FCD885FC489}.Release|Any CPU.Build.0 = Release|Any CPU
		{CCFE77D6-0A82-4EC9-AB2F-6FCD885FC489}.Release|x64.ActiveCfg = Release|Any CPU
		{CCFE77D6-0A82-4EC9-AB2F-6FCD885FC489}.Release|x64.Build.0 = Release|Any CPU
		{CCFE77D6-0A82-4EC9-AB2F-6FCD885FC489}.Release|x86.ActiveCfg = Release|Any CPU
		{CCFE77D6-0A82-4EC9-AB2F-6FCD885FC489}.Release|x86.Build.0 = Release|Any CPU
		{3B6980FA-333A-46AD-9F33-0D9BFBD853A8}.Debug|Any CPU.ActiveCfg = Debug|Any CPU
		{3B6980FA-333A-46AD-9F33-0D9BFBD853A8}.Debug|Any CPU.Build.0 = Debug|Any CPU
		{3B6980FA-333A-46AD-9F33-0D9BFBD853A8}.Debug|x64.ActiveCfg = Debug|Any CPU
		{3B6980FA-333A-46AD-9F33-0D9BFBD853A8}.Debug|x64.Build.0 = Debug|Any CPU
		{3B6980FA-333A-46AD-9F33-0D9BFBD853A8}.Debug|x86.ActiveCfg = Debug|Any CPU
		{3B6980FA-333A-46AD-9F33-0D9BFBD853A8}.Debug|x86.Build.0 = Debug|Any CPU
		{3B6980FA-333A-46AD-9F33-0D9BFBD853A8}.Release|Any CPU.ActiveCfg = Release|Any CPU
		{3B6980FA-333A-46AD-9F33-0D9BFBD853A8}.Release|Any CPU.Build.0 = Release|Any CPU
		{3B6980FA-333A-46AD-9F33-0D9BFBD853A8}.Release|x64.ActiveCfg = Release|Any CPU
		{3B6980FA-333A-46AD-9F33-0D9BFBD853A8}.Release|x64.Build.0 = Release|Any CPU
		{3B6980FA-333A-46AD-9F33-0D9BFBD853A8}.Release|x86.ActiveCfg = Release|Any CPU
		{3B6980FA-333A-46AD-9F33-0D9BFBD853A8}.Release|x86.Build.0 = Release|Any CPU
		{3668E9A5-CB31-4FC9-9918-B5046B67651A}.Debug|Any CPU.ActiveCfg = Debug|Any CPU
		{3668E9A5-CB31-4FC9-9918-B5046B67651A}.Debug|Any CPU.Build.0 = Debug|Any CPU
		{3668E9A5-CB31-4FC9-9918-B5046B67651A}.Debug|x64.ActiveCfg = Debug|Any CPU
		{3668E9A5-CB31-4FC9-9918-B5046B67651A}.Debug|x64.Build.0 = Debug|Any CPU
		{3668E9A5-CB31-4FC9-9918-B5046B67651A}.Debug|x86.ActiveCfg = Debug|Any CPU
		{3668E9A5-CB31-4FC9-9918-B5046B67651A}.Debug|x86.Build.0 = Debug|Any CPU
		{3668E9A5-CB31-4FC9-9918-B5046B67651A}.Release|Any CPU.ActiveCfg = Release|Any CPU
		{3668E9A5-CB31-4FC9-9918-B5046B67651A}.Release|Any CPU.Build.0 = Release|Any CPU
		{3668E9A5-CB31-4FC9-9918-B5046B67651A}.Release|x64.ActiveCfg = Release|Any CPU
		{3668E9A5-CB31-4FC9-9918-B5046B67651A}.Release|x64.Build.0 = Release|Any CPU
		{3668E9A5-CB31-4FC9-9918-B5046B67651A}.Release|x86.ActiveCfg = Release|Any CPU
		{3668E9A5-CB31-4FC9-9918-B5046B67651A}.Release|x86.Build.0 = Release|Any CPU
		{8B109CC8-6252-4668-983F-B0877710827C}.Debug|Any CPU.ActiveCfg = Debug|Any CPU
		{8B109CC8-6252-4668-983F-B0877710827C}.Debug|Any CPU.Build.0 = Debug|Any CPU
		{8B109CC8-6252-4668-983F-B0877710827C}.Debug|x64.ActiveCfg = Debug|Any CPU
		{8B109CC8-6252-4668-983F-B0877710827C}.Debug|x64.Build.0 = Debug|Any CPU
		{8B109CC8-6252-4668-983F-B0877710827C}.Debug|x86.ActiveCfg = Debug|Any CPU
		{8B109CC8-6252-4668-983F-B0877710827C}.Debug|x86.Build.0 = Debug|Any CPU
		{8B109CC8-6252-4668-983F-B0877710827C}.Release|Any CPU.ActiveCfg = Release|Any CPU
		{8B109CC8-6252-4668-983F-B0877710827C}.Release|Any CPU.Build.0 = Release|Any CPU
		{8B109CC8-6252-4668-983F-B0877710827C}.Release|x64.ActiveCfg = Release|Any CPU
		{8B109CC8-6252-4668-983F-B0877710827C}.Release|x64.Build.0 = Release|Any CPU
		{8B109CC8-6252-4668-983F-B0877710827C}.Release|x86.ActiveCfg = Release|Any CPU
		{8B109CC8-6252-4668-983F-B0877710827C}.Release|x86.Build.0 = Release|Any CPU
		{C3DB5200-3A61-4DB7-9634-E0A0AE04F5C3}.Debug|Any CPU.ActiveCfg = Debug|Any CPU
		{C3DB5200-3A61-4DB7-9634-E0A0AE04F5C3}.Debug|Any CPU.Build.0 = Debug|Any CPU
		{C3DB5200-3A61-4DB7-9634-E0A0AE04F5C3}.Debug|x64.ActiveCfg = Debug|Any CPU
		{C3DB5200-3A61-4DB7-9634-E0A0AE04F5C3}.Debug|x64.Build.0 = Debug|Any CPU
		{C3DB5200-3A61-4DB7-9634-E0A0AE04F5C3}.Debug|x86.ActiveCfg = Debug|Any CPU
		{C3DB5200-3A61-4DB7-9634-E0A0AE04F5C3}.Debug|x86.Build.0 = Debug|Any CPU
		{C3DB5200-3A61-4DB7-9634-E0A0AE04F5C3}.Release|Any CPU.ActiveCfg = Release|Any CPU
		{C3DB5200-3A61-4DB7-9634-E0A0AE04F5C3}.Release|Any CPU.Build.0 = Release|Any CPU
		{C3DB5200-3A61-4DB7-9634-E0A0AE04F5C3}.Release|x64.ActiveCfg = Release|Any CPU
		{C3DB5200-3A61-4DB7-9634-E0A0AE04F5C3}.Release|x64.Build.0 = Release|Any CPU
		{C3DB5200-3A61-4DB7-9634-E0A0AE04F5C3}.Release|x86.ActiveCfg = Release|Any CPU
		{C3DB5200-3A61-4DB7-9634-E0A0AE04F5C3}.Release|x86.Build.0 = Release|Any CPU
		{C7E38E01-C85D-4EB6-8968-BA0847F5FD1C}.Debug|Any CPU.ActiveCfg = Debug|Any CPU
		{C7E38E01-C85D-4EB6-8968-BA0847F5FD1C}.Debug|Any CPU.Build.0 = Debug|Any CPU
		{C7E38E01-C85D-4EB6-8968-BA0847F5FD1C}.Debug|x64.ActiveCfg = Debug|Any CPU
		{C7E38E01-C85D-4EB6-8968-BA0847F5FD1C}.Debug|x64.Build.0 = Debug|Any CPU
		{C7E38E01-C85D-4EB6-8968-BA0847F5FD1C}.Debug|x86.ActiveCfg = Debug|Any CPU
		{C7E38E01-C85D-4EB6-8968-BA0847F5FD1C}.Debug|x86.Build.0 = Debug|Any CPU
		{C7E38E01-C85D-4EB6-8968-BA0847F5FD1C}.Release|Any CPU.ActiveCfg = Release|Any CPU
		{C7E38E01-C85D-4EB6-8968-BA0847F5FD1C}.Release|Any CPU.Build.0 = Release|Any CPU
		{C7E38E01-C85D-4EB6-8968-BA0847F5FD1C}.Release|x64.ActiveCfg = Release|Any CPU
		{C7E38E01-C85D-4EB6-8968-BA0847F5FD1C}.Release|x64.Build.0 = Release|Any CPU
		{C7E38E01-C85D-4EB6-8968-BA0847F5FD1C}.Release|x86.ActiveCfg = Release|Any CPU
		{C7E38E01-C85D-4EB6-8968-BA0847F5FD1C}.Release|x86.Build.0 = Release|Any CPU
		{F7B0AA74-1B52-4979-A5D3-6A2D477C6EEE}.Debug|Any CPU.ActiveCfg = Debug|Any CPU
		{F7B0AA74-1B52-4979-A5D3-6A2D477C6EEE}.Debug|Any CPU.Build.0 = Debug|Any CPU
		{F7B0AA74-1B52-4979-A5D3-6A2D477C6EEE}.Debug|x64.ActiveCfg = Debug|Any CPU
		{F7B0AA74-1B52-4979-A5D3-6A2D477C6EEE}.Debug|x64.Build.0 = Debug|Any CPU
		{F7B0AA74-1B52-4979-A5D3-6A2D477C6EEE}.Debug|x86.ActiveCfg = Debug|Any CPU
		{F7B0AA74-1B52-4979-A5D3-6A2D477C6EEE}.Debug|x86.Build.0 = Debug|Any CPU
		{F7B0AA74-1B52-4979-A5D3-6A2D477C6EEE}.Release|Any CPU.ActiveCfg = Release|Any CPU
		{F7B0AA74-1B52-4979-A5D3-6A2D477C6EEE}.Release|Any CPU.Build.0 = Release|Any CPU
		{F7B0AA74-1B52-4979-A5D3-6A2D477C6EEE}.Release|x64.ActiveCfg = Release|Any CPU
		{F7B0AA74-1B52-4979-A5D3-6A2D477C6EEE}.Release|x64.Build.0 = Release|Any CPU
		{F7B0AA74-1B52-4979-A5D3-6A2D477C6EEE}.Release|x86.ActiveCfg = Release|Any CPU
		{F7B0AA74-1B52-4979-A5D3-6A2D477C6EEE}.Release|x86.Build.0 = Release|Any CPU
		{898E8B73-FBD3-447A-93D2-58D8E837678A}.Debug|Any CPU.ActiveCfg = Debug|Any CPU
		{898E8B73-FBD3-447A-93D2-58D8E837678A}.Debug|Any CPU.Build.0 = Debug|Any CPU
		{898E8B73-FBD3-447A-93D2-58D8E837678A}.Debug|x64.ActiveCfg = Debug|Any CPU
		{898E8B73-FBD3-447A-93D2-58D8E837678A}.Debug|x64.Build.0 = Debug|Any CPU
		{898E8B73-FBD3-447A-93D2-58D8E837678A}.Debug|x86.ActiveCfg = Debug|Any CPU
		{898E8B73-FBD3-447A-93D2-58D8E837678A}.Debug|x86.Build.0 = Debug|Any CPU
		{898E8B73-FBD3-447A-93D2-58D8E837678A}.Release|Any CPU.ActiveCfg = Release|Any CPU
		{898E8B73-FBD3-447A-93D2-58D8E837678A}.Release|Any CPU.Build.0 = Release|Any CPU
		{898E8B73-FBD3-447A-93D2-58D8E837678A}.Release|x64.ActiveCfg = Release|Any CPU
		{898E8B73-FBD3-447A-93D2-58D8E837678A}.Release|x64.Build.0 = Release|Any CPU
		{898E8B73-FBD3-447A-93D2-58D8E837678A}.Release|x86.ActiveCfg = Release|Any CPU
		{898E8B73-FBD3-447A-93D2-58D8E837678A}.Release|x86.Build.0 = Release|Any CPU
	EndGlobalSection
	GlobalSection(SolutionProperties) = preSolution
		HideSolutionNode = FALSE
	EndGlobalSection
	GlobalSection(NestedProjects) = preSolution
		{F9BC9215-28D1-4D19-861C-227195F02942} = {1018F8BE-B2F4-4A54-82F4-72D787E40A7D}
		{9F0F2BDF-FA32-43BF-BC09-5C5C925D18DB} = {1018F8BE-B2F4-4A54-82F4-72D787E40A7D}
		{032F1948-3C53-45F3-AE17-6A63A790A16B} = {1018F8BE-B2F4-4A54-82F4-72D787E40A7D}
		{B88ADD6F-93E9-43E0-B7FC-1559FA63A076} = {1018F8BE-B2F4-4A54-82F4-72D787E40A7D}
		{F6FD2AC4-D831-4A78-83F4-771859834544} = {1018F8BE-B2F4-4A54-82F4-72D787E40A7D}
		{69CD0FD5-7174-4B59-998D-F8F8E7900891} = {1018F8BE-B2F4-4A54-82F4-72D787E40A7D}
		{1018F8BE-B2F4-4A54-82F4-72D787E40A7D} = {BCBBDD1A-FF30-41E8-B7C1-9BB2A441FF83}
		{3859E1D0-B676-467F-8FC6-376AA59C5EA3} = {BCBBDD1A-FF30-41E8-B7C1-9BB2A441FF83}
		{597D8E43-B2FE-46F2-A0F7-52CBA6B2EA78} = {3F55FE37-B8A2-4DDA-818B-5DBBAA18571E}
		{0FC5F003-404B-44CE-A2C9-6EF9A0421CB4} = {BCBBDD1A-FF30-41E8-B7C1-9BB2A441FF83}
		{8820A422-5EB7-4291-9F01-00B9BBA4302E} = {BCBBDD1A-FF30-41E8-B7C1-9BB2A441FF83}
		{E1E3FBBD-DE40-4742-B22A-C6C078D6C660} = {8820A422-5EB7-4291-9F01-00B9BBA4302E}
		{43B95498-1D1F-4884-AE14-9001D0A6FA4E} = {8820A422-5EB7-4291-9F01-00B9BBA4302E}
		{75549EDC-66EF-4BDB-BED6-AC26E6DF1630} = {8820A422-5EB7-4291-9F01-00B9BBA4302E}
		{C8221B09-84F2-4A06-A6CA-7E89238E5EB2} = {BCBBDD1A-FF30-41E8-B7C1-9BB2A441FF83}
		{5686FBAB-91C3-4211-A460-E6C9903E0CE3} = {C8221B09-84F2-4A06-A6CA-7E89238E5EB2}
		{4144A7BF-97F9-42AE-843B-68ADDA54C661} = {C8221B09-84F2-4A06-A6CA-7E89238E5EB2}
		{DAFA0110-5502-4778-8372-714A19143178} = {C8221B09-84F2-4A06-A6CA-7E89238E5EB2}
		{DAFCFA00-C4CB-42FB-B47B-65A548C9FFAB} = {C8221B09-84F2-4A06-A6CA-7E89238E5EB2}
		{0759B8E0-BE7C-4771-8E13-13C83BAD3E82} = {C8221B09-84F2-4A06-A6CA-7E89238E5EB2}
		{69AD45D6-E45C-4E91-8D32-F4F1DA767660} = {C8221B09-84F2-4A06-A6CA-7E89238E5EB2}
		{2A75488A-57B5-4CB0-B931-6327BA96B445} = {BCBBDD1A-FF30-41E8-B7C1-9BB2A441FF83}
		{9009798A-AE3E-47E9-8200-74CFEB7381B6} = {BCBBDD1A-FF30-41E8-B7C1-9BB2A441FF83}
		{48385BA3-B5AE-47E6-9C41-189EE6334D1E} = {3F55FE37-B8A2-4DDA-818B-5DBBAA18571E}
		{CCFE77D6-0A82-4EC9-AB2F-6FCD885FC489} = {1018F8BE-B2F4-4A54-82F4-72D787E40A7D}
		{02EA681E-C7D8-13C7-8484-4AC65E1B71E8} = {BCBBDD1A-FF30-41E8-B7C1-9BB2A441FF83}
		{3B6980FA-333A-46AD-9F33-0D9BFBD853A8} = {02EA681E-C7D8-13C7-8484-4AC65E1B71E8}
		{3668E9A5-CB31-4FC9-9918-B5046B67651A} = {02EA681E-C7D8-13C7-8484-4AC65E1B71E8}
		{8B109CC8-6252-4668-983F-B0877710827C} = {02EA681E-C7D8-13C7-8484-4AC65E1B71E8}
		{BC400693-827F-43C7-AD98-A9FC1E97ADD2} = {BCBBDD1A-FF30-41E8-B7C1-9BB2A441FF83}
		{C3DB5200-3A61-4DB7-9634-E0A0AE04F5C3} = {BC400693-827F-43C7-AD98-A9FC1E97ADD2}
		{C7E38E01-C85D-4EB6-8968-BA0847F5FD1C} = {BC400693-827F-43C7-AD98-A9FC1E97ADD2}
		{F7B0AA74-1B52-4979-A5D3-6A2D477C6EEE} = {BC400693-827F-43C7-AD98-A9FC1E97ADD2}
		{898E8B73-FBD3-447A-93D2-58D8E837678A} = {BC400693-827F-43C7-AD98-A9FC1E97ADD2}
	EndGlobalSection
	GlobalSection(ExtensibilityGlobals) = postSolution
		SolutionGuid = {0FBE81B8-162F-4342-BABD-0FFFD0C99331}
	EndGlobalSection
EndGlobal
